
Microsoft Visual Studio Solution File, Format Version 12.00
# Visual Studio Version 17
VisualStudioVersion = 17.3.32929.385
MinimumVisualStudioVersion = 10.0.40219.1
Project("{FAE04EC0-301F-11D3-BF4B-00C04F79EFBC}") = "EventsInMarkup", "EventsInMarkup\EventsInMarkup.csproj", "{616C3352-0412-4071-8D7A-80971BD34D67}"
EndProject
Global
	GlobalSection(SolutionConfigurationPlatforms) = preSolution
		Debug|Any CPU = Debug|Any CPU
		Release|Any CPU = Release|Any CPU
	EndGlobalSection
	GlobalSection(ProjectConfigurationPlatforms) = postSolution
		{616C3352-0412-4071-8D7A-80971BD34D67}.Debug|Any CPU.ActiveCfg = Debug|Any CPU
		{616C3352-0412-4071-8D7A-80971BD34D67}.Debug|Any CPU.Build.0 = Debug|Any CPU
		{616C3352-0412-4071-8D7A-80971BD34D67}.Release|Any CPU.ActiveCfg = Release|Any CPU
		{616C3352-0412-4071-8D7A-80971BD34D67}.Release|Any CPU.Build.0 = Release|Any CPU
	EndGlobalSection
	GlobalSection(SolutionProperties) = preSolution
		HideSolutionNode = FALSE
	EndGlobalSection
	GlobalSection(ExtensibilityGlobals) = postSolution
		SolutionGuid = {0DEECC4F-AC65-46FF-9622-247A8A3FE7F5}
	EndGlobalSection
EndGlobal
